// !$*UTF8*$!
{
	archiveVersion = 1;
	classes = {
	};
	objectVersion = 77;
	objects = {

/* Begin PBXBuildFile section */
		2C8CADF52DD61DB4008F9341 /* FirebaseAnalytics in Frameworks */ = {isa = PBXBuildFile; productRef = 2C8CADF42DD61DB4008F9341 /* FirebaseAnalytics */; };
		2C8CADF72DD61DB4008F9341 /* FirebaseAuth in Frameworks */ = {isa = PBXBuildFile; productRef = 2C8CADF62DD61DB4008F9341 /* FirebaseAuth */; };
		2C8CADF92DD61DB4008F9341 /* FirebaseCore in Frameworks */ = {isa = PBXBuildFile; productRef = 2C8CADF82DD61DB4008F9341 /* FirebaseCore */; };
		2C8CADFB2DD61DB4008F9341 /* FirebaseFirestore in Frameworks */ = {isa = PBXBuildFile; productRef = 2C8CADFA2DD61DB4008F9341 /* FirebaseFirestore */; };
/* End PBXBuildFile section */

/* Begin PBXContainerItemProxy section */
		D88C92E72DD428FB006BE6C0 /* PBXContainerItemProxy */ = {
			isa = PBXContainerItemProxy;
			containerPortal = D88C92D12DD428FA006BE6C0 /* Project object */;
			proxyType = 1;
			remoteGlobalIDString = D88C92D82DD428FA006BE6C0;
			remoteInfo = ass3;
		};
		D88C92F12DD428FB006BE6C0 /* PBXContainerItemProxy */ = {
			isa = PBXContainerItemProxy;
			containerPortal = D88C92D12DD428FA006BE6C0 /* Project object */;
			proxyType = 1;
			remoteGlobalIDString = D88C92D82DD428FA006BE6C0;
			remoteInfo = ass3;
		};
/* End PBXContainerItemProxy section */

/* Begin PBXFileReference section */
		D88C92D92DD428FA006BE6C0 /* ass3.app */ = {isa = PBXFileReference; explicitFileType = wrapper.application; includeInIndex = 0; path = ass3.app; sourceTree = BUILT_PRODUCTS_DIR; };
		D88C92E62DD428FB006BE6C0 /* ass3Tests.xctest */ = {isa = PBXFileReference; explicitFileType = wrapper.cfbundle; includeInIndex = 0; path = ass3Tests.xctest; sourceTree = BUILT_PRODUCTS_DIR; };
		D88C92F02DD428FB006BE6C0 /* ass3UITests.xctest */ = {isa = PBXFileReference; explicitFileType = wrapper.cfbundle; includeInIndex = 0; path = ass3UITests.xctest; sourceTree = BUILT_PRODUCTS_DIR; };
/* End PBXFileReference section */

/* Begin PBXFileSystemSynchronizedBuildFileExceptionSet section */
		2C8CADF12DD61C0E008F9341 /* Exceptions for "ass3" folder in "ass3Tests" target */ = {
			isa = PBXFileSystemSynchronizedBuildFileExceptionSet;
			membershipExceptions = (
				"GoogleService-Info.plist",
			);
			target = D88C92E52DD428FB006BE6C0 /* ass3Tests */;
		};
		2C8CADF22DD61C0E008F9341 /* Exceptions for "ass3" folder in "ass3UITests" target */ = {
			isa = PBXFileSystemSynchronizedBuildFileExceptionSet;
			membershipExceptions = (
				"GoogleService-Info.plist",
			);
			target = D88C92EF2DD428FB006BE6C0 /* ass3UITests */;
		};
/* End PBXFileSystemSynchronizedBuildFileExceptionSet section */

/* Begin PBXFileSystemSynchronizedRootGroup section */
		D88C92DB2DD428FA006BE6C0 /* ass3 */ = {
			isa = PBXFileSystemSynchronizedRootGroup;
			exceptions = (
				2C8CADF12DD61C0E008F9341 /* Exceptions for "ass3" folder in "ass3Tests" target */,
				2C8CADF22DD61C0E008F9341 /* Exceptions for "ass3" folder in "ass3UITests" target */,
			);
			path = ass3;
			sourceTree = "<group>";
		};
		D88C92E92DD428FB006BE6C0 /* ass3Tests */ = {
			isa = PBXFileSystemSynchronizedRootGroup;
			path = ass3Tests;
			sourceTree = "<group>";
		};
		D88C92F32DD428FB006BE6C0 /* ass3UITests */ = {
			isa = PBXFileSystemSynchronizedRootGroup;
			path = ass3UITests;
			sourceTree = "<group>";
		};
/* End PBXFileSystemSynchronizedRootGroup section */

/* Begin PBXFrameworksBuildPhase section */
		D88C92D62DD428FA006BE6C0 /* Frameworks */ = {
			isa = PBXFrameworksBuildPhase;
			buildActionMask = 2147483647;
			files = (
				2C8CADF52DD61DB4008F9341 /* FirebaseAnalytics in Frameworks */,
				2C8CADFB2DD61DB4008F9341 /* FirebaseFirestore in Frameworks */,
				2C8CADF92DD61DB4008F9341 /* FirebaseCore in Frameworks */,
				2C8CADF72DD61DB4008F9341 /* FirebaseAuth in Frameworks */,
			);
			runOnlyForDeploymentPostprocessing = 0;
		};
		D88C92E32DD428FB006BE6C0 /* Frameworks */ = {
			isa = PBXFrameworksBuildPhase;
			buildActionMask = 2147483647;
			files = (
			);
			runOnlyForDeploymentPostprocessing = 0;
		};
		D88C92ED2DD428FB006BE6C0 /* Frameworks */ = {
			isa = PBXFrameworksBuildPhase;
			buildActionMask = 2147483647;
			files = (
			);
			runOnlyForDeploymentPostprocessing = 0;
		};
/* End PBXFrameworksBuildPhase section */

/* Begin PBXGroup section */
		D88C92D02DD428FA006BE6C0 = {
			isa = PBXGroup;
			children = (
				D88C92DB2DD428FA006BE6C0 /* ass3 */,
				D88C92E92DD428FB006BE6C0 /* ass3Tests */,
				D88C92F32DD428FB006BE6C0 /* ass3UITests */,
				D88C92DA2DD428FA006BE6C0 /* Products */,
			);
			sourceTree = "<group>";
		};
		D88C92DA2DD428FA006BE6C0 /* Products */ = {
			isa = PBXGroup;
			children = (
				D88C92D92DD428FA006BE6C0 /* ass3.app */,
				D88C92E62DD428FB006BE6C0 /* ass3Tests.xctest */,
				D88C92F02DD428FB006BE6C0 /* ass3UITests.xctest */,
			);
			name = Products;
			sourceTree = "<group>";
		};
/* End PBXGroup section */

/* Begin PBXNativeTarget section */
		D88C92D82DD428FA006BE6C0 /* ass3 */ = {
			isa = PBXNativeTarget;
			buildConfigurationList = D88C92FA2DD428FB006BE6C0 /* Build configuration list for PBXNativeTarget "ass3" */;
			buildPhases = (
				D88C92D52DD428FA006BE6C0 /* Sources */,
				D88C92D62DD428FA006BE6C0 /* Frameworks */,
				D88C92D72DD428FA006BE6C0 /* Resources */,
			);
			buildRules = (
			);
			dependencies = (
			);
			fileSystemSynchronizedGroups = (
				D88C92DB2DD428FA006BE6C0 /* ass3 */,
			);
			name = ass3;
			packageProductDependencies = (
				2C8CADF42DD61DB4008F9341 /* FirebaseAnalytics */,
				2C8CADF62DD61DB4008F9341 /* FirebaseAuth */,
				2C8CADF82DD61DB4008F9341 /* FirebaseCore */,
				2C8CADFA2DD61DB4008F9341 /* FirebaseFirestore */,
			);
			productName = ass3;
			productReference = D88C92D92DD428FA006BE6C0 /* ass3.app */;
			productType = "com.apple.product-type.application";
		};
		D88C92E52DD428FB006BE6C0 /* ass3Tests */ = {
			isa = PBXNativeTarget;
			buildConfigurationList = D88C92FD2DD428FB006BE6C0 /* Build configuration list for PBXNativeTarget "ass3Tests" */;
			buildPhases = (
				D88C92E22DD428FB006BE6C0 /* Sources */,
				D88C92E32DD428FB006BE6C0 /* Frameworks */,
				D88C92E42DD428FB006BE6C0 /* Resources */,
			);
			buildRules = (
			);
			dependencies = (
				D88C92E82DD428FB006BE6C0 /* PBXTargetDependency */,
			);
			fileSystemSynchronizedGroups = (
				D88C92E92DD428FB006BE6C0 /* ass3Tests */,
			);
			name = ass3Tests;
			packageProductDependencies = (
			);
			productName = ass3Tests;
			productReference = D88C92E62DD428FB006BE6C0 /* ass3Tests.xctest */;
			productType = "com.apple.product-type.bundle.unit-test";
		};
		D88C92EF2DD428FB006BE6C0 /* ass3UITests */ = {
			isa = PBXNativeTarget;
			buildConfigurationList = D88C93002DD428FB006BE6C0 /* Build configuration list for PBXNativeTarget "ass3UITests" */;
			buildPhases = (
				D88C92EC2DD428FB006BE6C0 /* Sources */,
				D88C92ED2DD428FB006BE6C0 /* Frameworks */,
				D88C92EE2DD428FB006BE6C0 /* Resources */,
			);
			buildRules = (
			);
			dependencies = (
				D88C92F22DD428FB006BE6C0 /* PBXTargetDependency */,
			);
			fileSystemSynchronizedGroups = (
				D88C92F32DD428FB006BE6C0 /* ass3UITests */,
			);
			name = ass3UITests;
			packageProductDependencies = (
			);
			productName = ass3UITests;
			productReference = D88C92F02DD428FB006BE6C0 /* ass3UITests.xctest */;
			productType = "com.apple.product-type.bundle.ui-testing";
		};
/* End PBXNativeTarget section */

/* Begin PBXProject section */
		D88C92D12DD428FA006BE6C0 /* Project object */ = {
			isa = PBXProject;
			attributes = {
				BuildIndependentTargetsInParallel = 1;
				LastSwiftUpdateCheck = 1630;
				LastUpgradeCheck = 1630;
				TargetAttributes = {
					D88C92D82DD428FA006BE6C0 = {
						CreatedOnToolsVersion = 16.3;
					};
					D88C92E52DD428FB006BE6C0 = {
						CreatedOnToolsVersion = 16.3;
						TestTargetID = D88C92D82DD428FA006BE6C0;
					};
					D88C92EF2DD428FB006BE6C0 = {
						CreatedOnToolsVersion = 16.3;
						TestTargetID = D88C92D82DD428FA006BE6C0;
					};
				};
			};
			buildConfigurationList = D88C92D42DD428FA006BE6C0 /* Build configuration list for PBXProject "ass3" */;
			developmentRegion = en;
			hasScannedForEncodings = 0;
			knownRegions = (
				en,
				Base,
			);
			mainGroup = D88C92D02DD428FA006BE6C0;
			minimizedProjectReferenceProxies = 1;
			packageReferences = (
				2C8CADF32DD61DB4008F9341 /* XCRemoteSwiftPackageReference "firebase-ios-sdk" */,
			);
			preferredProjectObjectVersion = 77;
			productRefGroup = D88C92DA2DD428FA006BE6C0 /* Products */;
			projectDirPath = "";
			projectRoot = "";
			targets = (
				D88C92D82DD428FA006BE6C0 /* ass3 */,
				D88C92E52DD428FB006BE6C0 /* ass3Tests */,
				D88C92EF2DD428FB006BE6C0 /* ass3UITests */,
			);
		};
/* End PBXProject section */

/* Begin PBXResourcesBuildPhase section */
		D88C92D72DD428FA006BE6C0 /* Resources */ = {
			isa = PBXResourcesBuildPhase;
			buildActionMask = 2147483647;
			files = (
			);
			runOnlyForDeploymentPostprocessing = 0;
		};
		D88C92E42DD428FB006BE6C0 /* Resources */ = {
			isa = PBXResourcesBuildPhase;
			buildActionMask = 2147483647;
			files = (
			);
			runOnlyForDeploymentPostprocessing = 0;
		};
		D88C92EE2DD428FB006BE6C0 /* Resources */ = {
			isa = PBXResourcesBuildPhase;
			buildActionMask = 2147483647;
			files = (
			);
			runOnlyForDeploymentPostprocessing = 0;
		};
/* End PBXResourcesBuildPhase section */

/* Begin PBXSourcesBuildPhase section */
		D88C92D52DD428FA006BE6C0 /* Sources */ = {
			isa = PBXSourcesBuildPhase;
			buildActionMask = 2147483647;
			files = (
			);
			runOnlyForDeploymentPostprocessing = 0;
		};
		D88C92E22DD428FB006BE6C0 /* Sources */ = {
			isa = PBXSourcesBuildPhase;
			buildActionMask = 2147483647;
			files = (
			);
			runOnlyForDeploymentPostprocessing = 0;
		};
		D88C92EC2DD428FB006BE6C0 /* Sources */ = {
			isa = PBXSourcesBuildPhase;
			buildActionMask = 2147483647;
			files = (
			);
			runOnlyForDeploymentPostprocessing = 0;
		};
/* End PBXSourcesBuildPhase section */

/* Begin PBXTargetDependency section */
		D88C92E82DD428FB006BE6C0 /* PBXTargetDependency */ = {
			isa = PBXTargetDependency;
			target = D88C92D82DD428FA006BE6C0 /* ass3 */;
			targetProxy = D88C92E72DD428FB006BE6C0 /* PBXContainerItemProxy */;
		};
		D88C92F22DD428FB006BE6C0 /* PBXTargetDependency */ = {
			isa = PBXTargetDependency;
			target = D88C92D82DD428FA006BE6C0 /* ass3 */;
			targetProxy = D88C92F12DD428FB006BE6C0 /* PBXContainerItemProxy */;
		};
/* End PBXTargetDependency section */

/* Begin XCBuildConfiguration section */
		D88C92F82DD428FB006BE6C0 /* Debug */ = {
			isa = XCBuildConfiguration;
			buildSettings = {
				ALWAYS_SEARCH_USER_PATHS = NO;
				ASSETCATALOG_COMPILER_GENERATE_SWIFT_ASSET_SYMBOL_EXTENSIONS = YES;
				CLANG_ANALYZER_NONNULL = YES;
				CLANG_ANALYZER_NUMBER_OBJECT_CONVERSION = YES_AGGRESSIVE;
				CLANG_CXX_LANGUAGE_STANDARD = "gnu++20";
				CLANG_ENABLE_MODULES = YES;
				CLANG_ENABLE_OBJC_ARC = YES;
				CLANG_ENABLE_OBJC_WEAK = YES;
				CLANG_WARN_BLOCK_CAPTURE_AUTORELEASING = YES;
				CLANG_WARN_BOOL_CONVERSION = YES;
				CLANG_WARN_COMMA = YES;
				CLANG_WARN_CONSTANT_CONVERSION = YES;
				CLANG_WARN_DEPRECATED_OBJC_IMPLEMENTATIONS = YES;
				CLANG_WARN_DIRECT_OBJC_ISA_USAGE = YES_ERROR;
				CLANG_WARN_DOCUMENTATION_COMMENTS = YES;
				CLANG_WARN_EMPTY_BODY = YES;
				CLANG_WARN_ENUM_CONVERSION = YES;
				CLANG_WARN_INFINITE_RECURSION = YES;
				CLANG_WARN_INT_CONVERSION = YES;
				CLANG_WARN_NON_LITERAL_NULL_CONVERSION = YES;
				CLANG_WARN_OBJC_IMPLICIT_RETAIN_SELF = YES;
				CLANG_WARN_OBJC_LITERAL_CONVERSION = YES;
				CLANG_WARN_OBJC_ROOT_CLASS = YES_ERROR;
				CLANG_WARN_QUOTED_INCLUDE_IN_FRAMEWORK_HEADER = YES;
				CLANG_WARN_RANGE_LOOP_ANALYSIS = YES;
				CLANG_WARN_STRICT_PROTOTYPES = YES;
				CLANG_WARN_SUSPICIOUS_MOVE = YES;
				CLANG_WARN_UNGUARDED_AVAILABILITY = YES_AGGRESSIVE;
				CLANG_WARN_UNREACHABLE_CODE = YES;
				CLANG_WARN__DUPLICATE_METHOD_MATCH = YES;
				COPY_PHASE_STRIP = NO;
				DEBUG_INFORMATION_FORMAT = dwarf;
				ENABLE_STRICT_OBJC_MSGSEND = YES;
				ENABLE_TESTABILITY = YES;
				ENABLE_USER_SCRIPT_SANDBOXING = YES;
				GCC_C_LANGUAGE_STANDARD = gnu17;
				GCC_DYNAMIC_NO_PIC = NO;
				GCC_NO_COMMON_BLOCKS = YES;
				GCC_OPTIMIZATION_LEVEL = 0;
				GCC_PREPROCESSOR_DEFINITIONS = (
					"DEBUG=1",
					"$(inherited)",
				);
				GCC_WARN_64_TO_32_BIT_CONVERSION = YES;
				GCC_WARN_ABOUT_RETURN_TYPE = YES_ERROR;
				GCC_WARN_UNDECLARED_SELECTOR = YES;
				GCC_WARN_UNINITIALIZED_AUTOS = YES_AGGRESSIVE;
				GCC_WARN_UNUSED_FUNCTION = YES;
				GCC_WARN_UNUSED_VARIABLE = YES;
				IPHONEOS_DEPLOYMENT_TARGET = 18.4;
				LOCALIZATION_PREFERS_STRING_CATALOGS = YES;
				MTL_ENABLE_DEBUG_INFO = INCLUDE_SOURCE;
				MTL_FAST_MATH = YES;
				ONLY_ACTIVE_ARCH = YES;
				SDKROOT = iphoneos;
				SWIFT_ACTIVE_COMPILATION_CONDITIONS = "DEBUG $(inherited)";
				SWIFT_OPTIMIZATION_LEVEL = "-Onone";
			};
			name = Debug;
		};
		D88C92F92DD428FB006BE6C0 /* Release */ = {
			isa = XCBuildConfiguration;
			buildSettings = {
				ALWAYS_SEARCH_USER_PATHS = NO;
				ASSETCATALOG_COMPILER_GENERATE_SWIFT_ASSET_SYMBOL_EXTENSIONS = YES;
				CLANG_ANALYZER_NONNULL = YES;
				CLANG_ANALYZER_NUMBER_OBJECT_CONVERSION = YES_AGGRESSIVE;
				CLANG_CXX_LANGUAGE_STANDARD = "gnu++20";
				CLANG_ENABLE_MODULES = YES;
				CLANG_ENABLE_OBJC_ARC = YES;
				CLANG_ENABLE_OBJC_WEAK = YES;
				CLANG_WARN_BLOCK_CAPTURE_AUTORELEASING = YES;
				CLANG_WARN_BOOL_CONVERSION = YES;
				CLANG_WARN_COMMA = YES;
				CLANG_WARN_CONSTANT_CONVERSION = YES;
				CLANG_WARN_DEPRECATED_OBJC_IMPLEMENTATIONS = YES;
				CLANG_WARN_DIRECT_OBJC_ISA_USAGE = YES_ERROR;
				CLANG_WARN_DOCUMENTATION_COMMENTS = YES;
				CLANG_WARN_EMPTY_BODY = YES;
				CLANG_WARN_ENUM_CONVERSION = YES;
				CLANG_WARN_INFINITE_RECURSION = YES;
				CLANG_WARN_INT_CONVERSION = YES;
				CLANG_WARN_NON_LITERAL_NULL_CONVERSION = YES;
				CLANG_WARN_OBJC_IMPLICIT_RETAIN_SELF = YES;
				CLANG_WARN_OBJC_LITERAL_CONVERSION = YES;
				CLANG_WARN_OBJC_ROOT_CLASS = YES_ERROR;
				CLANG_WARN_QUOTED_INCLUDE_IN_FRAMEWORK_HEADER = YES;
				CLANG_WARN_RANGE_LOOP_ANALYSIS = YES;
				CLANG_WARN_STRICT_PROTOTYPES = YES;
				CLANG_WARN_SUSPICIOUS_MOVE = YES;
				CLANG_WARN_UNGUARDED_AVAILABILITY = YES_AGGRESSIVE;
				CLANG_WARN_UNREACHABLE_CODE = YES;
				CLANG_WARN__DUPLICATE_METHOD_MATCH = YES;
				COPY_PHASE_STRIP = NO;
				DEBUG_INFORMATION_FORMAT = "dwarf-with-dsym";
				ENABLE_NS_ASSERTIONS = NO;
				ENABLE_STRICT_OBJC_MSGSEND = YES;
				ENABLE_USER_SCRIPT_SANDBOXING = YES;
				GCC_C_LANGUAGE_STANDARD = gnu17;
				GCC_NO_COMMON_BLOCKS = YES;
				GCC_WARN_64_TO_32_BIT_CONVERSION = YES;
				GCC_WARN_ABOUT_RETURN_TYPE = YES_ERROR;
				GCC_WARN_UNDECLARED_SELECTOR = YES;
				GCC_WARN_UNINITIALIZED_AUTOS = YES_AGGRESSIVE;
				GCC_WARN_UNUSED_FUNCTION = YES;
				GCC_WARN_UNUSED_VARIABLE = YES;
				IPHONEOS_DEPLOYMENT_TARGET = 18.4;
				LOCALIZATION_PREFERS_STRING_CATALOGS = YES;
				MTL_ENABLE_DEBUG_INFO = NO;
				MTL_FAST_MATH = YES;
				SDKROOT = iphoneos;
				SWIFT_COMPILATION_MODE = wholemodule;
				VALIDATE_PRODUCT = YES;
			};
			name = Release;
		};
		D88C92FB2DD428FB006BE6C0 /* Debug */ = {
			isa = XCBuildConfiguration;
			buildSettings = {
				ASSETCATALOG_COMPILER_APPICON_NAME = AppIcon;
				ASSETCATALOG_COMPILER_GLOBAL_ACCENT_COLOR_NAME = AccentColor;
				CODE_SIGN_STYLE = Automatic;
				CURRENT_PROJECT_VERSION = 1;
				DEVELOPMENT_TEAM = "";
				ENABLE_PREVIEWS = YES;
				GENERATE_INFOPLIST_FILE = YES;
				INFOPLIST_KEY_CFBundleDisplayName = FitBook;
				INFOPLIST_KEY_UIApplicationSceneManifest_Generation = YES;
				INFOPLIST_KEY_UIApplicationSupportsIndirectInputEvents = YES;
				INFOPLIST_KEY_UILaunchScreen_Generation = YES;
				INFOPLIST_KEY_UISupportedInterfaceOrientations_iPad = "UIInterfaceOrientationPortrait UIInterfaceOrientationPortraitUpsideDown UIInterfaceOrientationLandscapeLeft UIInterfaceOrientationLandscapeRight";
				INFOPLIST_KEY_UISupportedInterfaceOrientations_iPhone = "UIInterfaceOrientationPortrait UIInterfaceOrientationLandscapeLeft UIInterfaceOrientationLandscapeRight";
				IPHONEOS_DEPLOYMENT_TARGET = 17.6;
				LD_RUNPATH_SEARCH_PATHS = (
					"$(inherited)",
					"@executable_path/Frameworks",
				);
				MARKETING_VERSION = 1.0;
				PRODUCT_BUNDLE_IDENTIFIER = uts.ass3;
				PRODUCT_NAME = "$(TARGET_NAME)";
				SWIFT_EMIT_LOC_STRINGS = YES;
				SWIFT_VERSION = 5.0;
				TARGETED_DEVICE_FAMILY = "1,2";
			};
			name = Debug;
		};
		D88C92FC2DD428FB006BE6C0 /* Release */ = {
			isa = XCBuildConfiguration;
			buildSettings = {
				ASSETCATALOG_COMPILER_APPICON_NAME = AppIcon;
				ASSETCATALOG_COMPILER_GLOBAL_ACCENT_COLOR_NAME = AccentColor;
				CODE_SIGN_STYLE = Automatic;
				CURRENT_PROJECT_VERSION = 1;
				DEVELOPMENT_TEAM = "";
				ENABLE_PREVIEWS = YES;
				GENERATE_INFOPLIST_FILE = YES;
				INFOPLIST_KEY_CFBundleDisplayName = FitBook;
				INFOPLIST_KEY_UIApplicationSceneManifest_Generation = YES;
				INFOPLIST_KEY_UIApplicationSupportsIndirectInputEvents = YES;
				INFOPLIST_KEY_UILaunchScreen_Generation = YES;
				INFOPLIST_KEY_UISupportedInterfaceOrientations_iPad = "UIInterfaceOrientationPortrait UIInterfaceOrientationPortraitUpsideDown UIInterfaceOrientationLandscapeLeft UIInterfaceOrientationLandscapeRight";
				INFOPLIST_KEY_UISupportedInterfaceOrientations_iPhone = "UIInterfaceOrientationPortrait UIInterfaceOrientationLandscapeLeft UIInterfaceOrientationLandscapeRight";
				IPHONEOS_DEPLOYMENT_TARGET = 17.6;
				LD_RUNPATH_SEARCH_PATHS = (
					"$(inherited)",
					"@executable_path/Frameworks",
				);
				MARKETING_VERSION = 1.0;
				PRODUCT_BUNDLE_IDENTIFIER = uts.ass3;
				PRODUCT_NAME = "$(TARGET_NAME)";
				SWIFT_EMIT_LOC_STRINGS = YES;
				SWIFT_VERSION = 5.0;
				TARGETED_DEVICE_FAMILY = "1,2";
			};
			name = Release;
		};
		D88C92FE2DD428FB006BE6C0 /* Debug */ = {
			isa = XCBuildConfiguration;
			buildSettings = {
				BUNDLE_LOADER = "$(TEST_HOST)";
				CODE_SIGN_STYLE = Automatic;
				CURRENT_PROJECT_VERSION = 1;
				GENERATE_INFOPLIST_FILE = YES;
				IPHONEOS_DEPLOYMENT_TARGET = 18.4;
				MARKETING_VERSION = 1.0;
				PRODUCT_BUNDLE_IDENTIFIER = uts.ass3Tests;
				PRODUCT_NAME = "$(TARGET_NAME)";
				SWIFT_EMIT_LOC_STRINGS = NO;
				SWIFT_VERSION = 5.0;
				TARGETED_DEVICE_FAMILY = "1,2";
				TEST_HOST = "$(BUILT_PRODUCTS_DIR)/ass3.app/$(BUNDLE_EXECUTABLE_FOLDER_PATH)/ass3";
			};
			name = Debug;
		};
		D88C92FF2DD428FB006BE6C0 /* Release */ = {
			isa = XCBuildConfiguration;
			buildSettings = {
				BUNDLE_LOADER = "$(TEST_HOST)";
				CODE_SIGN_STYLE = Automatic;
				CURRENT_PROJECT_VERSION = 1;
				GENERATE_INFOPLIST_FILE = YES;
				IPHONEOS_DEPLOYMENT_TARGET = 18.4;
				MARKETING_VERSION = 1.0;
				PRODUCT_BUNDLE_IDENTIFIER = uts.ass3Tests;
				PRODUCT_NAME = "$(TARGET_NAME)";
				SWIFT_EMIT_LOC_STRINGS = NO;
				SWIFT_VERSION = 5.0;
				TARGETED_DEVICE_FAMILY = "1,2";
				TEST_HOST = "$(BUILT_PRODUCTS_DIR)/ass3.app/$(BUNDLE_EXECUTABLE_FOLDER_PATH)/ass3";
			};
			name = Release;
		};
		D88C93012DD428FB006BE6C0 /* Debug */ = {
			isa = XCBuildConfiguration;
			buildSettings = {
				CODE_SIGN_STYLE = Automatic;
				CURRENT_PROJECT_VERSION = 1;
				GENERATE_INFOPLIST_FILE = YES;
				MARKETING_VERSION = 1.0;
				PRODUCT_BUNDLE_IDENTIFIER = uts.ass3UITests;
				PRODUCT_NAME = "$(TARGET_NAME)";
				SWIFT_EMIT_LOC_STRINGS = NO;
				SWIFT_VERSION = 5.0;
				TARGETED_DEVICE_FAMILY = "1,2";
				TEST_TARGET_NAME = ass3;
			};
			name = Debug;
		};
		D88C93022DD428FB006BE6C0 /* Release */ = {
			isa = XCBuildConfiguration;
			buildSettings = {
				CODE_SIGN_STYLE = Automatic;
				CURRENT_PROJECT_VERSION = 1;
				GENERATE_INFOPLIST_FILE = YES;
				MARKETING_VERSION = 1.0;
				PRODUCT_BUNDLE_IDENTIFIER = uts.ass3UITests;
				PRODUCT_NAME = "$(TARGET_NAME)";
				SWIFT_EMIT_LOC_STRINGS = NO;
				SWIFT_VERSION = 5.0;
				TARGETED_DEVICE_FAMILY = "1,2";
				TEST_TARGET_NAME = ass3;
			};
			name = Release;
		};
/* End XCBuildConfiguration section */

/* Begin XCConfigurationList section */
		D88C92D42DD428FA006BE6C0 /* Build configuration list for PBXProject "ass3" */ = {
			isa = XCConfigurationList;
			buildConfigurations = (
				D88C92F82DD428FB006BE6C0 /* Debug */,
				D88C92F92DD428FB006BE6C0 /* Release */,
			);
			defaultConfigurationIsVisible = 0;
			defaultConfigurationName = Release;
		};
		D88C92FA2DD428FB006BE6C0 /* Build configuration list for PBXNativeTarget "ass3" */ = {
			isa = XCConfigurationList;
			buildConfigurations = (
				D88C92FB2DD428FB006BE6C0 /* Debug */,
				D88C92FC2DD428FB006BE6C0 /* Release */,
			);
			defaultConfigurationIsVisible = 0;
			defaultConfigurationName = Release;
		};
		D88C92FD2DD428FB006BE6C0 /* Build configuration list for PBXNativeTarget "ass3Tests" */ = {
			isa = XCConfigurationList;
			buildConfigurations = (
				D88C92FE2DD428FB006BE6C0 /* Debug */,
				D88C92FF2DD428FB006BE6C0 /* Release */,
			);
			defaultConfigurationIsVisible = 0;
			defaultConfigurationName = Release;
		};
		D88C93002DD428FB006BE6C0 /* Build configuration list for PBXNativeTarget "ass3UITests" */ = {
			isa = XCConfigurationList;
			buildConfigurations = (
				D88C93012DD428FB006BE6C0 /* Debug */,
				D88C93022DD428FB006BE6C0 /* Release */,
			);
			defaultConfigurationIsVisible = 0;
			defaultConfigurationName = Release;
		};
/* End XCConfigurationList section */

/* Begin XCRemoteSwiftPackageReference section */
		2C8CADF32DD61DB4008F9341 /* XCRemoteSwiftPackageReference "firebase-ios-sdk" */ = {
			isa = XCRemoteSwiftPackageReference;
			repositoryURL = "https://github.com/firebase/firebase-ios-sdk";
			requirement = {
				kind = upToNextMajorVersion;
				minimumVersion = 11.12.0;
			};
		};
/* End XCRemoteSwiftPackageReference section */

/* Begin XCSwiftPackageProductDependency section */
		2C8CADF42DD61DB4008F9341 /* FirebaseAnalytics */ = {
			isa = XCSwiftPackageProductDependency;
			package = 2C8CADF32DD61DB4008F9341 /* XCRemoteSwiftPackageReference "firebase-ios-sdk" */;
			productName = FirebaseAnalytics;
		};
		2C8CADF62DD61DB4008F9341 /* FirebaseAuth */ = {
			isa = XCSwiftPackageProductDependency;
			package = 2C8CADF32DD61DB4008F9341 /* XCRemoteSwiftPackageReference "firebase-ios-sdk" */;
			productName = FirebaseAuth;
		};
		2C8CADF82DD61DB4008F9341 /* FirebaseCore */ = {
			isa = XCSwiftPackageProductDependency;
			package = 2C8CADF32DD61DB4008F9341 /* XCRemoteSwiftPackageReference "firebase-ios-sdk" */;
			productName = FirebaseCore;
		};
		2C8CADFA2DD61DB4008F9341 /* FirebaseFirestore */ = {
			isa = XCSwiftPackageProductDependency;
			package = 2C8CADF32DD61DB4008F9341 /* XCRemoteSwiftPackageReference "firebase-ios-sdk" */;
			productName = FirebaseFirestore;
		};
/* End XCSwiftPackageProductDependency section */
	};
	rootObject = D88C92D12DD428FA006BE6C0 /* Project object */;
}
